// !$*UTF8*$!
{
	archiveVersion = 1;
	classes = {
	};
	objectVersion = 51;
	objects = {

/* Begin PBXBuildFile section */
		3EA5402605000FCDEABDA817 /* Pods_Signin_With_Apple.framework in Frameworks */ = {isa = PBXBuildFile; fileRef = 672FD510A0C4A30DDB1D0991 /* Pods_Signin_With_Apple.framework */; };
		BB0B48E724233CB70057B18C /* FBAuth.swift in Sources */ = {isa = PBXBuildFile; fileRef = BB0B48E624233CB70057B18C /* FBAuth.swift */; };
		BB0B48E924233D410057B18C /* FBAuthError.swift in Sources */ = {isa = PBXBuildFile; fileRef = BB0B48E824233D410057B18C /* FBAuthError.swift */; };
		BB0B48EB24233E620057B18C /* FBFireStore.swift in Sources */ = {isa = PBXBuildFile; fileRef = BB0B48EA24233E620057B18C /* FBFireStore.swift */; };
		BB53B00B2422CDC300FDE6AA /* AppDelegate.swift in Sources */ = {isa = PBXBuildFile; fileRef = BB53B00A2422CDC300FDE6AA /* AppDelegate.swift */; };
		BB53B00D2422CDC300FDE6AA /* SceneDelegate.swift in Sources */ = {isa = PBXBuildFile; fileRef = BB53B00C2422CDC300FDE6AA /* SceneDelegate.swift */; };
		BB53B00F2422CDC300FDE6AA /* HomeView.swift in Sources */ = {isa = PBXBuildFile; fileRef = BB53B00E2422CDC300FDE6AA /* HomeView.swift */; };
		BB53B0112422CDC400FDE6AA /* Assets.xcassets in Resources */ = {isa = PBXBuildFile; fileRef = BB53B0102422CDC400FDE6AA /* Assets.xcassets */; };
		BB53B0142422CDC400FDE6AA /* Preview Assets.xcassets in Resources */ = {isa = PBXBuildFile; fileRef = BB53B0132422CDC400FDE6AA /* Preview Assets.xcassets */; };
		BB53B0172422CDC400FDE6AA /* LaunchScreen.storyboard in Resources */ = {isa = PBXBuildFile; fileRef = BB53B0152422CDC400FDE6AA /* LaunchScreen.storyboard */; };
		BB53B01F2422CF7300FDE6AA /* GoogleService-Info.plist in Resources */ = {isa = PBXBuildFile; fileRef = BB53B01E2422CF7300FDE6AA /* GoogleService-Info.plist */; };
		BB53B0222422D4F300FDE6AA /* UserInfo.swift in Sources */ = {isa = PBXBuildFile; fileRef = BB53B0212422D4F200FDE6AA /* UserInfo.swift */; };
		BB53B0242422D51E00FDE6AA /* ContentView.swift in Sources */ = {isa = PBXBuildFile; fileRef = BB53B0232422D51E00FDE6AA /* ContentView.swift */; };
		BB53B0282422D86800FDE6AA /* UserViewModel.swift in Sources */ = {isa = PBXBuildFile; fileRef = BB53B0272422D86800FDE6AA /* UserViewModel.swift */; };
		BB53B02A2422DA6600FDE6AA /* LoginView.swift in Sources */ = {isa = PBXBuildFile; fileRef = BB53B0292422DA6600FDE6AA /* LoginView.swift */; };
		BB53B02E2422E21500FDE6AA /* FBUser.swift in Sources */ = {isa = PBXBuildFile; fileRef = BB53B02D2422E21500FDE6AA /* FBUser.swift */; };
		BB53B0302422E29100FDE6AA /* FBKeys.swift in Sources */ = {isa = PBXBuildFile; fileRef = BB53B02F2422E29100FDE6AA /* FBKeys.swift */; };
		BB53B0342422EB8500FDE6AA /* SignInWithAppleView.swift in Sources */ = {isa = PBXBuildFile; fileRef = BB53B0332422EB8500FDE6AA /* SignInWithAppleView.swift */; };
		BBA2C692242715C300A2A338 /* FBFireStoreError.swift in Sources */ = {isa = PBXBuildFile; fileRef = BBA2C691242715C300A2A338 /* FBFireStoreError.swift */; };
		BBD8C2F62423F78900F713AC /* SignInWithEmailView.swift in Sources */ = {isa = PBXBuildFile; fileRef = BBD8C2F52423F78900F713AC /* SignInWithEmailView.swift */; };
		BBD8C2F82423F92400F713AC /* ForgotPasswordView.swift in Sources */ = {isa = PBXBuildFile; fileRef = BBD8C2F72423F92400F713AC /* ForgotPasswordView.swift */; };
		BBD8C2FA2423F9A000F713AC /* SignUpView.swift in Sources */ = {isa = PBXBuildFile; fileRef = BBD8C2F92423F9A000F713AC /* SignUpView.swift */; };
/* End PBXBuildFile section */

/* Begin PBXFileReference section */
		39CC836CEFAD8E6965DAE416 /* Pods-Signin With Apple.debug.xcconfig */ = {isa = PBXFileReference; includeInIndex = 1; lastKnownFileType = text.xcconfig; name = "Pods-Signin With Apple.debug.xcconfig"; path = "Target Support Files/Pods-Signin With Apple/Pods-Signin With Apple.debug.xcconfig"; sourceTree = "<group>"; };
		672FD510A0C4A30DDB1D0991 /* Pods_Signin_With_Apple.framework */ = {isa = PBXFileReference; explicitFileType = wrapper.framework; includeInIndex = 0; path = Pods_Signin_With_Apple.framework; sourceTree = BUILT_PRODUCTS_DIR; };
		BB0B48E624233CB70057B18C /* FBAuth.swift */ = {isa = PBXFileReference; lastKnownFileType = sourcecode.swift; path = FBAuth.swift; sourceTree = "<group>"; };
		BB0B48E824233D410057B18C /* FBAuthError.swift */ = {isa = PBXFileReference; lastKnownFileType = sourcecode.swift; path = FBAuthError.swift; sourceTree = "<group>"; };
		BB0B48EA24233E620057B18C /* FBFireStore.swift */ = {isa = PBXFileReference; lastKnownFileType = sourcecode.swift; path = FBFireStore.swift; sourceTree = "<group>"; };
		BB53B0072422CDC300FDE6AA /* Signin With Apple.app */ = {isa = PBXFileReference; explicitFileType = wrapper.application; includeInIndex = 0; path = "Signin With Apple.app"; sourceTree = BUILT_PRODUCTS_DIR; };
		BB53B00A2422CDC300FDE6AA /* AppDelegate.swift */ = {isa = PBXFileReference; lastKnownFileType = sourcecode.swift; path = AppDelegate.swift; sourceTree = "<group>"; };
		BB53B00C2422CDC300FDE6AA /* SceneDelegate.swift */ = {isa = PBXFileReference; lastKnownFileType = sourcecode.swift; path = SceneDelegate.swift; sourceTree = "<group>"; };
		BB53B00E2422CDC300FDE6AA /* HomeView.swift */ = {isa = PBXFileReference; lastKnownFileType = sourcecode.swift; path = HomeView.swift; sourceTree = "<group>"; };
		BB53B0102422CDC400FDE6AA /* Assets.xcassets */ = {isa = PBXFileReference; lastKnownFileType = folder.assetcatalog; path = Assets.xcassets; sourceTree = "<group>"; };
		BB53B0132422CDC400FDE6AA /* Preview Assets.xcassets */ = {isa = PBXFileReference; lastKnownFileType = folder.assetcatalog; path = "Preview Assets.xcassets"; sourceTree = "<group>"; };
		BB53B0162422CDC400FDE6AA /* Base */ = {isa = PBXFileReference; lastKnownFileType = file.storyboard; name = Base; path = Base.lproj/LaunchScreen.storyboard; sourceTree = "<group>"; };
		BB53B0182422CDC400FDE6AA /* Info.plist */ = {isa = PBXFileReference; lastKnownFileType = text.plist.xml; path = Info.plist; sourceTree = "<group>"; };
		BB53B01E2422CF7300FDE6AA /* GoogleService-Info.plist */ = {isa = PBXFileReference; fileEncoding = 4; lastKnownFileType = text.plist.xml; path = "GoogleService-Info.plist"; sourceTree = "<group>"; };
		BB53B0202422D3AD00FDE6AA /* Signin With Apple.entitlements */ = {isa = PBXFileReference; lastKnownFileType = text.plist.entitlements; path = "Signin With Apple.entitlements"; sourceTree = "<group>"; };
		BB53B0212422D4F200FDE6AA /* UserInfo.swift */ = {isa = PBXFileReference; fileEncoding = 4; lastKnownFileType = sourcecode.swift; path = UserInfo.swift; sourceTree = "<group>"; };
		BB53B0232422D51E00FDE6AA /* ContentView.swift */ = {isa = PBXFileReference; fileEncoding = 4; lastKnownFileType = sourcecode.swift; path = ContentView.swift; sourceTree = "<group>"; };
		BB53B0272422D86800FDE6AA /* UserViewModel.swift */ = {isa = PBXFileReference; lastKnownFileType = sourcecode.swift; path = UserViewModel.swift; sourceTree = "<group>"; };
		BB53B0292422DA6600FDE6AA /* LoginView.swift */ = {isa = PBXFileReference; lastKnownFileType = sourcecode.swift; path = LoginView.swift; sourceTree = "<group>"; };
		BB53B02D2422E21500FDE6AA /* FBUser.swift */ = {isa = PBXFileReference; lastKnownFileType = sourcecode.swift; path = FBUser.swift; sourceTree = "<group>"; };
		BB53B02F2422E29100FDE6AA /* FBKeys.swift */ = {isa = PBXFileReference; lastKnownFileType = sourcecode.swift; path = FBKeys.swift; sourceTree = "<group>"; };
		BB53B0332422EB8500FDE6AA /* SignInWithAppleView.swift */ = {isa = PBXFileReference; lastKnownFileType = sourcecode.swift; path = SignInWithAppleView.swift; sourceTree = "<group>"; };
		BBA2C691242715C300A2A338 /* FBFireStoreError.swift */ = {isa = PBXFileReference; lastKnownFileType = sourcecode.swift; path = FBFireStoreError.swift; sourceTree = "<group>"; };
		BBD8C2F52423F78900F713AC /* SignInWithEmailView.swift */ = {isa = PBXFileReference; lastKnownFileType = sourcecode.swift; path = SignInWithEmailView.swift; sourceTree = "<group>"; };
		BBD8C2F72423F92400F713AC /* ForgotPasswordView.swift */ = {isa = PBXFileReference; lastKnownFileType = sourcecode.swift; path = ForgotPasswordView.swift; sourceTree = "<group>"; };
		BBD8C2F92423F9A000F713AC /* SignUpView.swift */ = {isa = PBXFileReference; lastKnownFileType = sourcecode.swift; path = SignUpView.swift; sourceTree = "<group>"; };
		CDAB059005AAF4AFA08F7C1A /* Pods-Signin With Apple.release.xcconfig */ = {isa = PBXFileReference; includeInIndex = 1; lastKnownFileType = text.xcconfig; name = "Pods-Signin With Apple.release.xcconfig"; path = "Target Support Files/Pods-Signin With Apple/Pods-Signin With Apple.release.xcconfig"; sourceTree = "<group>"; };
/* End PBXFileReference section */

/* Begin PBXFrameworksBuildPhase section */
		BB53B0042422CDC300FDE6AA /* Frameworks */ = {
			isa = PBXFrameworksBuildPhase;
			buildActionMask = 2147483647;
			files = (
				3EA5402605000FCDEABDA817 /* Pods_Signin_With_Apple.framework in Frameworks */,
			);
			runOnlyForDeploymentPostprocessing = 0;
		};
/* End PBXFrameworksBuildPhase section */

/* Begin PBXGroup section */
		7143B67112B875AC5053DD39 /* Pods */ = {
			isa = PBXGroup;
			children = (
				39CC836CEFAD8E6965DAE416 /* Pods-Signin With Apple.debug.xcconfig */,
				CDAB059005AAF4AFA08F7C1A /* Pods-Signin With Apple.release.xcconfig */,
			);
			path = Pods;
			sourceTree = "<group>";
		};
		A05A9B3D7B61B5F6C5659020 /* Frameworks */ = {
			isa = PBXGroup;
			children = (
				672FD510A0C4A30DDB1D0991 /* Pods_Signin_With_Apple.framework */,
			);
			name = Frameworks;
			sourceTree = "<group>";
		};
		BB53AFFE2422CDC300FDE6AA = {
			isa = PBXGroup;
			children = (
				BB53B0092422CDC300FDE6AA /* Signin With Apple */,
				BB53B0082422CDC300FDE6AA /* Products */,
				7143B67112B875AC5053DD39 /* Pods */,
				A05A9B3D7B61B5F6C5659020 /* Frameworks */,
			);
			sourceTree = "<group>";
		};
		BB53B0082422CDC300FDE6AA /* Products */ = {
			isa = PBXGroup;
			children = (
				BB53B0072422CDC300FDE6AA /* Signin With Apple.app */,
			);
			name = Products;
			sourceTree = "<group>";
		};
		BB53B0092422CDC300FDE6AA /* Signin With Apple */ = {
			isa = PBXGroup;
			children = (
				BB53B0202422D3AD00FDE6AA /* Signin With Apple.entitlements */,
				BB53B0232422D51E00FDE6AA /* ContentView.swift */,
				BB53B00A2422CDC300FDE6AA /* AppDelegate.swift */,
				BB53B00C2422CDC300FDE6AA /* SceneDelegate.swift */,
				BBD8C2F42423F51D00F713AC /* Firebase */,
				BB53B00E2422CDC300FDE6AA /* HomeView.swift */,
				BB53B0102422CDC400FDE6AA /* Assets.xcassets */,
				BB53B0152422CDC400FDE6AA /* LaunchScreen.storyboard */,
				BB53B0182422CDC400FDE6AA /* Info.plist */,
				BB53B01E2422CF7300FDE6AA /* GoogleService-Info.plist */,
				BB53B0122422CDC400FDE6AA /* Preview Content */,
			);
			path = "Signin With Apple";
			sourceTree = "<group>";
		};
		BB53B0122422CDC400FDE6AA /* Preview Content */ = {
			isa = PBXGroup;
			children = (
				BB53B0132422CDC400FDE6AA /* Preview Assets.xcassets */,
			);
			path = "Preview Content";
			sourceTree = "<group>";
		};
		BB6C83F924251A3E004C23BD /* Views */ = {
			isa = PBXGroup;
			children = (
				BB53B0292422DA6600FDE6AA /* LoginView.swift */,
				BBD8C2F72423F92400F713AC /* ForgotPasswordView.swift */,
				BBD8C2F52423F78900F713AC /* SignInWithEmailView.swift */,
				BBD8C2F92423F9A000F713AC /* SignUpView.swift */,
				BB53B0332422EB8500FDE6AA /* SignInWithAppleView.swift */,
			);
			path = Views;
			sourceTree = "<group>";
		};
		BBA2C690242714EC00A2A338 /* Auth */ = {
			isa = PBXGroup;
			children = (
				BB53B0212422D4F200FDE6AA /* UserInfo.swift */,
				BB53B0272422D86800FDE6AA /* UserViewModel.swift */,
				BB0B48E624233CB70057B18C /* FBAuth.swift */,
				BB0B48E824233D410057B18C /* FBAuthError.swift */,
			);
			path = Auth;
			sourceTree = "<group>";
		};
		BBA2C6932427161000A2A338 /* Firestore */ = {
			isa = PBXGroup;
			children = (
				BB0B48EA24233E620057B18C /* FBFireStore.swift */,
				BB53B02F2422E29100FDE6AA /* FBKeys.swift */,
				BB53B02D2422E21500FDE6AA /* FBUser.swift */,
				BBA2C691242715C300A2A338 /* FBFireStoreError.swift */,
			);
			path = Firestore;
			sourceTree = "<group>";
		};
		BBD8C2F42423F51D00F713AC /* Firebase */ = {
			isa = PBXGroup;
			children = (
				BB6C83F924251A3E004C23BD /* Views */,
				BBA2C6932427161000A2A338 /* Firestore */,
				BBA2C690242714EC00A2A338 /* Auth */,
			);
			path = Firebase;
			sourceTree = "<group>";
		};
/* End PBXGroup section */

/* Begin PBXNativeTarget section */
		BB53B0062422CDC300FDE6AA /* Signin With Apple */ = {
			isa = PBXNativeTarget;
			buildConfigurationList = BB53B01B2422CDC400FDE6AA /* Build configuration list for PBXNativeTarget "Signin With Apple" */;
			buildPhases = (
				69747A4C1E849D2AD6477F33 /* [CP] Check Pods Manifest.lock */,
				BB53B0032422CDC300FDE6AA /* Sources */,
				BB53B0042422CDC300FDE6AA /* Frameworks */,
				BB53B0052422CDC300FDE6AA /* Resources */,
				89B760B011BA79D960DC13C3 /* [CP] Embed Pods Frameworks */,
			);
			buildRules = (
			);
			dependencies = (
			);
			name = "Signin With Apple";
			productName = "Signin With Apple";
			productReference = BB53B0072422CDC300FDE6AA /* Signin With Apple.app */;
			productType = "com.apple.product-type.application";
		};
/* End PBXNativeTarget section */

/* Begin PBXProject section */
		BB53AFFF2422CDC300FDE6AA /* Project object */ = {
			isa = PBXProject;
			attributes = {
				LastSwiftUpdateCheck = 1140;
				LastUpgradeCheck = 1140;
				ORGANIZATIONNAME = "CreaTECH Solutions";
				TargetAttributes = {
					BB53B0062422CDC300FDE6AA = {
						CreatedOnToolsVersion = 11.4;
					};
				};
			};
			buildConfigurationList = BB53B0022422CDC300FDE6AA /* Build configuration list for PBXProject "Signin With Apple" */;
			compatibilityVersion = "Xcode 9.3";
			developmentRegion = en;
			hasScannedForEncodings = 0;
			knownRegions = (
				en,
				Base,
			);
			mainGroup = BB53AFFE2422CDC300FDE6AA;
			productRefGroup = BB53B0082422CDC300FDE6AA /* Products */;
			projectDirPath = "";
			projectRoot = "";
			targets = (
				BB53B0062422CDC300FDE6AA /* Signin With Apple */,
			);
		};
/* End PBXProject section */

/* Begin PBXResourcesBuildPhase section */
		BB53B0052422CDC300FDE6AA /* Resources */ = {
			isa = PBXResourcesBuildPhase;
			buildActionMask = 2147483647;
			files = (
				BB53B0172422CDC400FDE6AA /* LaunchScreen.storyboard in Resources */,
				BB53B01F2422CF7300FDE6AA /* GoogleService-Info.plist in Resources */,
				BB53B0142422CDC400FDE6AA /* Preview Assets.xcassets in Resources */,
				BB53B0112422CDC400FDE6AA /* Assets.xcassets in Resources */,
			);
			runOnlyForDeploymentPostprocessing = 0;
		};
/* End PBXResourcesBuildPhase section */

/* Begin PBXShellScriptBuildPhase section */
		69747A4C1E849D2AD6477F33 /* [CP] Check Pods Manifest.lock */ = {
			isa = PBXShellScriptBuildPhase;
			buildActionMask = 2147483647;
			files = (
			);
			inputFileListPaths = (
			);
			inputPaths = (
				"${PODS_PODFILE_DIR_PATH}/Podfile.lock",
				"${PODS_ROOT}/Manifest.lock",
			);
			name = "[CP] Check Pods Manifest.lock";
			outputFileListPaths = (
			);
			outputPaths = (
				"$(DERIVED_FILE_DIR)/Pods-Signin With Apple-checkManifestLockResult.txt",
			);
			runOnlyForDeploymentPostprocessing = 0;
			shellPath = /bin/sh;
			shellScript = "diff \"${PODS_PODFILE_DIR_PATH}/Podfile.lock\" \"${PODS_ROOT}/Manifest.lock\" > /dev/null\nif [ $? != 0 ] ; then\n    # print error to STDERR\n    echo \"error: The sandbox is not in sync with the Podfile.lock. Run 'pod install' or update your CocoaPods installation.\" >&2\n    exit 1\nfi\n# This output is used by Xcode 'outputs' to avoid re-running this script phase.\necho \"SUCCESS\" > \"${SCRIPT_OUTPUT_FILE_0}\"\n";
			showEnvVarsInLog = 0;
		};
		89B760B011BA79D960DC13C3 /* [CP] Embed Pods Frameworks */ = {
			isa = PBXShellScriptBuildPhase;
			buildActionMask = 2147483647;
			files = (
			);
			inputFileListPaths = (
				"${PODS_ROOT}/Target Support Files/Pods-Signin With Apple/Pods-Signin With Apple-frameworks-${CONFIGURATION}-input-files.xcfilelist",
			);
			name = "[CP] Embed Pods Frameworks";
			outputFileListPaths = (
				"${PODS_ROOT}/Target Support Files/Pods-Signin With Apple/Pods-Signin With Apple-frameworks-${CONFIGURATION}-output-files.xcfilelist",
			);
			runOnlyForDeploymentPostprocessing = 0;
			shellPath = /bin/sh;
			shellScript = "\"${PODS_ROOT}/Target Support Files/Pods-Signin With Apple/Pods-Signin With Apple-frameworks.sh\"\n";
			showEnvVarsInLog = 0;
		};
/* End PBXShellScriptBuildPhase section */

/* Begin PBXSourcesBuildPhase section */
		BB53B0032422CDC300FDE6AA /* Sources */ = {
			isa = PBXSourcesBuildPhase;
			buildActionMask = 2147483647;
			files = (
				BB53B0302422E29100FDE6AA /* FBKeys.swift in Sources */,
				BB53B0242422D51E00FDE6AA /* ContentView.swift in Sources */,
				BB53B00B2422CDC300FDE6AA /* AppDelegate.swift in Sources */,
				BBD8C2F82423F92400F713AC /* ForgotPasswordView.swift in Sources */,
				BBA2C692242715C300A2A338 /* FBFireStoreError.swift in Sources */,
				BB0B48EB24233E620057B18C /* FBFireStore.swift in Sources */,
				BB0B48E724233CB70057B18C /* FBAuth.swift in Sources */,
				BB0B48E924233D410057B18C /* FBAuthError.swift in Sources */,
				BB53B0222422D4F300FDE6AA /* UserInfo.swift in Sources */,
				BB53B00D2422CDC300FDE6AA /* SceneDelegate.swift in Sources */,
				BB53B0342422EB8500FDE6AA /* SignInWithAppleView.swift in Sources */,
				BBD8C2F62423F78900F713AC /* SignInWithEmailView.swift in Sources */,
				BB53B02E2422E21500FDE6AA /* FBUser.swift in Sources */,
				BB53B0282422D86800FDE6AA /* UserViewModel.swift in Sources */,
				BB53B02A2422DA6600FDE6AA /* LoginView.swift in Sources */,
				BBD8C2FA2423F9A000F713AC /* SignUpView.swift in Sources */,
				BB53B00F2422CDC300FDE6AA /* HomeView.swift in Sources */,
			);
			runOnlyForDeploymentPostprocessing = 0;
		};
/* End PBXSourcesBuildPhase section */

/* Begin PBXVariantGroup section */
		BB53B0152422CDC400FDE6AA /* LaunchScreen.storyboard */ = {
			isa = PBXVariantGroup;
			children = (
				BB53B0162422CDC400FDE6AA /* Base */,
			);
			name = LaunchScreen.storyboard;
			sourceTree = "<group>";
		};
/* End PBXVariantGroup section */

/* Begin XCBuildConfiguration section */
		BB53B0192422CDC400FDE6AA /* Debug */ = {
			isa = XCBuildConfiguration;
			buildSettings = {
				ALWAYS_SEARCH_USER_PATHS = NO;
				CLANG_ANALYZER_NONNULL = YES;
				CLANG_ANALYZER_NUMBER_OBJECT_CONVERSION = YES_AGGRESSIVE;
				CLANG_CXX_LANGUAGE_STANDARD = "gnu++14";
				CLANG_CXX_LIBRARY = "libc++";
				CLANG_ENABLE_MODULES = YES;
				CLANG_ENABLE_OBJC_ARC = YES;
				CLANG_ENABLE_OBJC_WEAK = YES;
				CLANG_WARN_BLOCK_CAPTURE_AUTORELEASING = YES;
				CLANG_WARN_BOOL_CONVERSION = YES;
				CLANG_WARN_COMMA = YES;
				CLANG_WARN_CONSTANT_CONVERSION = YES;
				CLANG_WARN_DEPRECATED_OBJC_IMPLEMENTATIONS = YES;
				CLANG_WARN_DIRECT_OBJC_ISA_USAGE = YES_ERROR;
				CLANG_WARN_DOCUMENTATION_COMMENTS = YES;
				CLANG_WARN_EMPTY_BODY = YES;
				CLANG_WARN_ENUM_CONVERSION = YES;
				CLANG_WARN_INFINITE_RECURSION = YES;
				CLANG_WARN_INT_CONVERSION = YES;
				CLANG_WARN_NON_LITERAL_NULL_CONVERSION = YES;
				CLANG_WARN_OBJC_IMPLICIT_RETAIN_SELF = YES;
				CLANG_WARN_OBJC_LITERAL_CONVERSION = YES;
				CLANG_WARN_OBJC_ROOT_CLASS = YES_ERROR;
				CLANG_WARN_RANGE_LOOP_ANALYSIS = YES;
				CLANG_WARN_STRICT_PROTOTYPES = YES;
				CLANG_WARN_SUSPICIOUS_MOVE = YES;
				CLANG_WARN_UNGUARDED_AVAILABILITY = YES_AGGRESSIVE;
				CLANG_WARN_UNREACHABLE_CODE = YES;
				CLANG_WARN__DUPLICATE_METHOD_MATCH = YES;
				COPY_PHASE_STRIP = NO;
				DEBUG_INFORMATION_FORMAT = dwarf;
				ENABLE_STRICT_OBJC_MSGSEND = YES;
				ENABLE_TESTABILITY = YES;
				GCC_C_LANGUAGE_STANDARD = gnu11;
				GCC_DYNAMIC_NO_PIC = NO;
				GCC_NO_COMMON_BLOCKS = YES;
				GCC_OPTIMIZATION_LEVEL = 0;
				GCC_PREPROCESSOR_DEFINITIONS = (
					"DEBUG=1",
					"$(inherited)",
				);
				GCC_WARN_64_TO_32_BIT_CONVERSION = YES;
				GCC_WARN_ABOUT_RETURN_TYPE = YES_ERROR;
				GCC_WARN_UNDECLARED_SELECTOR = YES;
				GCC_WARN_UNINITIALIZED_AUTOS = YES_AGGRESSIVE;
				GCC_WARN_UNUSED_FUNCTION = YES;
				GCC_WARN_UNUSED_VARIABLE = YES;
				IPHONEOS_DEPLOYMENT_TARGET = 13.4;
				MTL_ENABLE_DEBUG_INFO = INCLUDE_SOURCE;
				MTL_FAST_MATH = YES;
				ONLY_ACTIVE_ARCH = YES;
				SDKROOT = iphoneos;
				SWIFT_ACTIVE_COMPILATION_CONDITIONS = DEBUG;
				SWIFT_OPTIMIZATION_LEVEL = "-Onone";
			};
			name = Debug;
		};
		BB53B01A2422CDC400FDE6AA /* Release */ = {
			isa = XCBuildConfiguration;
			buildSettings = {
				ALWAYS_SEARCH_USER_PATHS = NO;
				CLANG_ANALYZER_NONNULL = YES;
				CLANG_ANALYZER_NUMBER_OBJECT_CONVERSION = YES_AGGRESSIVE;
				CLANG_CXX_LANGUAGE_STANDARD = "gnu++14";
				CLANG_CXX_LIBRARY = "libc++";
				CLANG_ENABLE_MODULES = YES;
				CLANG_ENABLE_OBJC_ARC = YES;
				CLANG_ENABLE_OBJC_WEAK = YES;
				CLANG_WARN_BLOCK_CAPTURE_AUTORELEASING = YES;
				CLANG_WARN_BOOL_CONVERSION = YES;
				CLANG_WARN_COMMA = YES;
				CLANG_WARN_CONSTANT_CONVERSION = YES;
				CLANG_WARN_DEPRECATED_OBJC_IMPLEMENTATIONS = YES;
				CLANG_WARN_DIRECT_OBJC_ISA_USAGE = YES_ERROR;
				CLANG_WARN_DOCUMENTATION_COMMENTS = YES;
				CLANG_WARN_EMPTY_BODY = YES;
				CLANG_WARN_ENUM_CONVERSION = YES;
				CLANG_WARN_INFINITE_RECURSION = YES;
				CLANG_WARN_INT_CONVERSION = YES;
				CLANG_WARN_NON_LITERAL_NULL_CONVERSION = YES;
				CLANG_WARN_OBJC_IMPLICIT_RETAIN_SELF = YES;
				CLANG_WARN_OBJC_LITERAL_CONVERSION = YES;
				CLANG_WARN_OBJC_ROOT_CLASS = YES_ERROR;
				CLANG_WARN_RANGE_LOOP_ANALYSIS = YES;
				CLANG_WARN_STRICT_PROTOTYPES = YES;
				CLANG_WARN_SUSPICIOUS_MOVE = YES;
				CLANG_WARN_UNGUARDED_AVAILABILITY = YES_AGGRESSIVE;
				CLANG_WARN_UNREACHABLE_CODE = YES;
				CLANG_WARN__DUPLICATE_METHOD_MATCH = YES;
				COPY_PHASE_STRIP = NO;
				DEBUG_INFORMATION_FORMAT = "dwarf-with-dsym";
				ENABLE_NS_ASSERTIONS = NO;
				ENABLE_STRICT_OBJC_MSGSEND = YES;
				GCC_C_LANGUAGE_STANDARD = gnu11;
				GCC_NO_COMMON_BLOCKS = YES;
				GCC_WARN_64_TO_32_BIT_CONVERSION = YES;
				GCC_WARN_ABOUT_RETURN_TYPE = YES_ERROR;
				GCC_WARN_UNDECLARED_SELECTOR = YES;
				GCC_WARN_UNINITIALIZED_AUTOS = YES_AGGRESSIVE;
				GCC_WARN_UNUSED_FUNCTION = YES;
				GCC_WARN_UNUSED_VARIABLE = YES;
				IPHONEOS_DEPLOYMENT_TARGET = 13.4;
				MTL_ENABLE_DEBUG_INFO = NO;
				MTL_FAST_MATH = YES;
				SDKROOT = iphoneos;
				SWIFT_COMPILATION_MODE = wholemodule;
				SWIFT_OPTIMIZATION_LEVEL = "-O";
				VALIDATE_PRODUCT = YES;
			};
			name = Release;
		};
		BB53B01C2422CDC400FDE6AA /* Debug */ = {
			isa = XCBuildConfiguration;
			baseConfigurationReference = 39CC836CEFAD8E6965DAE416 /* Pods-Signin With Apple.debug.xcconfig */;
			buildSettings = {
				ASSETCATALOG_COMPILER_APPICON_NAME = AppIcon;
				CODE_SIGN_ENTITLEMENTS = "Signin With Apple/Signin With Apple.entitlements";
				CODE_SIGN_STYLE = Automatic;
				DEVELOPMENT_ASSET_PATHS = "\"Signin With Apple/Preview Content\"";
				DEVELOPMENT_TEAM = RKV4UP49S6;
				ENABLE_PREVIEWS = YES;
				INFOPLIST_FILE = "Signin With Apple/Info.plist";
				IPHONEOS_DEPLOYMENT_TARGET = 13.2;
				LD_RUNPATH_SEARCH_PATHS = (
					"$(inherited)",
					"@executable_path/Frameworks",
				);
				PRODUCT_BUNDLE_IDENTIFIER = "com.createchsol.Signin-With-Apple";
				PRODUCT_NAME = "$(TARGET_NAME)";
				SWIFT_VERSION = 5.0;
				TARGETED_DEVICE_FAMILY = "1,2";
			};
			name = Debug;
		};
		BB53B01D2422CDC400FDE6AA /* Release */ = {
			isa = XCBuildConfiguration;
			baseConfigurationReference = CDAB059005AAF4AFA08F7C1A /* Pods-Signin With Apple.release.xcconfig */;
			buildSettings = {
				ASSETCATALOG_COMPILER_APPICON_NAME = AppIcon;
				CODE_SIGN_ENTITLEMENTS = "Signin With Apple/Signin With Apple.entitlements";
				CODE_SIGN_STYLE = Automatic;
				DEVELOPMENT_ASSET_PATHS = "\"Signin With Apple/Preview Content\"";
				DEVELOPMENT_TEAM = RKV4UP49S6;
				ENABLE_PREVIEWS = YES;
				INFOPLIST_FILE = "Signin With Apple/Info.plist";
				IPHONEOS_DEPLOYMENT_TARGET = 13.2;
				LD_RUNPATH_SEARCH_PATHS = (
					"$(inherited)",
					"@executable_path/Frameworks",
				);
				PRODUCT_BUNDLE_IDENTIFIER = "com.createchsol.Signin-With-Apple";
				PRODUCT_NAME = "$(TARGET_NAME)";
				SWIFT_VERSION = 5.0;
				TARGETED_DEVICE_FAMILY = "1,2";
			};
			name = Release;
		};
/* End XCBuildConfiguration section */

/* Begin XCConfigurationList section */
		BB53B0022422CDC300FDE6AA /* Build configuration list for PBXProject "Signin With Apple" */ = {
			isa = XCConfigurationList;
			buildConfigurations = (
				BB53B0192422CDC400FDE6AA /* Debug */,
				BB53B01A2422CDC400FDE6AA /* Release */,
			);
			defaultConfigurationIsVisible = 0;
			defaultConfigurationName = Release;
		};
		BB53B01B2422CDC400FDE6AA /* Build configuration list for PBXNativeTarget "Signin With Apple" */ = {
			isa = XCConfigurationList;
			buildConfigurations = (
				BB53B01C2422CDC400FDE6AA /* Debug */,
				BB53B01D2422CDC400FDE6AA /* Release */,
			);
			defaultConfigurationIsVisible = 0;
			defaultConfigurationName = Release;
		};
/* End XCConfigurationList section */
	};
	rootObject = BB53AFFF2422CDC300FDE6AA /* Project object */;
}
